Microsoft Visual Studio Solution File, Format Version 11.00
# Visual Studio 2008

Project("{3BCBA9C4-C9A8-8F16-FCAB-A0EEA9287AFD}") = "w11", "Assembly-CSharp.csproj", "{56DC835A-9319-88DB-D0D7-D0FC8C083216}"
EndProject
Global
	GlobalSection(SolutionConfigurationPlatforms) = preSolution
		Debug|Any CPU = Debug|Any CPU
		Release|Any CPU = Release|Any CPU
	EndGlobalSection
	GlobalSection(ProjectConfigurationPlatforms) = postSolution
		{56DC835A-9319-88DB-D0D7-D0FC8C083216}.Debug|Any CPU.ActiveCfg = Debug|Any CPU
		{56DC835A-9319-88DB-D0D7-D0FC8C083216}.Debug|Any CPU.Build.0 = Debug|Any CPU
		{56DC835A-9319-88DB-D0D7-D0FC8C083216}.Release|Any CPU.ActiveCfg = Release|Any CPU
		{56DC835A-9319-88DB-D0D7-D0FC8C083216}.Release|Any CPU.Build.0 = Release|Any CPU
	EndGlobalSection
	GlobalSection(SolutionProperties) = preSolution
		HideSolutionNode = FALSE
	EndGlobalSection
	GlobalSection(MonoDevelopProperties) = preSolution
		StartupItem = Assembly-CSharp.csproj
	EndGlobalSection
EndGlobal
